// !$*UTF8*$!
{
	archiveVersion = 1;
	classes = {
	};
	objectVersion = 48;
	objects = {

/* Begin PBXBuildFile section */
		0AA8593B21DCB0D400CAA0D1 /* RegistVC.swift in Sources */ = {isa = PBXBuildFile; fileRef = 0AA8593A21DCB0D400CAA0D1 /* RegistVC.swift */; };
		0AC2483821E3325A002F7384 /* RoleCreateVC.swift in Sources */ = {isa = PBXBuildFile; fileRef = 0AC2483721E3325A002F7384 /* RoleCreateVC.swift */; };
		0AC3BDC121D601EB0094BA7F /* Project.swift in Sources */ = {isa = PBXBuildFile; fileRef = 0AC3BDC021D601EB0094BA7F /* Project.swift */; };
		0AC3BDC321D6029D0094BA7F /* NetWork.swift in Sources */ = {isa = PBXBuildFile; fileRef = 0AC3BDC221D6029D0094BA7F /* NetWork.swift */; };
		0AC71C0021DDB9E800CCCE4A /* DMBaseModel.swift in Sources */ = {isa = PBXBuildFile; fileRef = 0AC71BFF21DDB9E800CCCE4A /* DMBaseModel.swift */; };
		0C5802F3E45516930DB55C52 /* Pods_IOffice_Swift.framework in Frameworks */ = {isa = PBXBuildFile; fileRef = 219B35AF755933059A1E8503 /* Pods_IOffice_Swift.framework */; };
		4447F861205A2DC800D3155C /* DMTools.swift in Sources */ = {isa = PBXBuildFile; fileRef = 4447F860205A2DC800D3155C /* DMTools.swift */; };
		44683552204F995A00467ED3 /* AppDelegate.swift in Sources */ = {isa = PBXBuildFile; fileRef = 44683551204F995A00467ED3 /* AppDelegate.swift */; };
		44683554204F995A00467ED3 /* ViewController.swift in Sources */ = {isa = PBXBuildFile; fileRef = 44683553204F995A00467ED3 /* ViewController.swift */; };
		44683557204F995B00467ED3 /* Main.storyboard in Resources */ = {isa = PBXBuildFile; fileRef = 44683555204F995B00467ED3 /* Main.storyboard */; };
		44683559204F995B00467ED3 /* Assets.xcassets in Resources */ = {isa = PBXBuildFile; fileRef = 44683558204F995B00467ED3 /* Assets.xcassets */; };
		4468355C204F995B00467ED3 /* LaunchScreen.storyboard in Resources */ = {isa = PBXBuildFile; fileRef = 4468355A204F995B00467ED3 /* LaunchScreen.storyboard */; };
		4468356A204F9B2B00467ED3 /* DMBaseViewController.swift in Sources */ = {isa = PBXBuildFile; fileRef = 44683569204F9B2B00467ED3 /* DMBaseViewController.swift */; };
		4468356C204F9B5500467ED3 /* LoginVC.swift in Sources */ = {isa = PBXBuildFile; fileRef = 4468356B204F9B5500467ED3 /* LoginVC.swift */; };
		44683573204F9BEB00467ED3 /* login_savepwd_s@3x.png in Resources */ = {isa = PBXBuildFile; fileRef = 4468356D204F9BEA00467ED3 /* login_savepwd_s@3x.png */; };
		44683574204F9BEB00467ED3 /* login_savepwd_s@2x.png in Resources */ = {isa = PBXBuildFile; fileRef = 4468356E204F9BEB00467ED3 /* login_savepwd_s@2x.png */; };
		44683575204F9BEB00467ED3 /* login_logo_sh@2x.png in Resources */ = {isa = PBXBuildFile; fileRef = 4468356F204F9BEB00467ED3 /* login_logo_sh@2x.png */; };
		44683576204F9BEB00467ED3 /* login_savepwd@2x.png in Resources */ = {isa = PBXBuildFile; fileRef = 44683570204F9BEB00467ED3 /* login_savepwd@2x.png */; };
		44683577204F9BEB00467ED3 /* login_savepwd@3x.png in Resources */ = {isa = PBXBuildFile; fileRef = 44683571204F9BEB00467ED3 /* login_savepwd@3x.png */; };
		44683578204F9BEB00467ED3 /* login_logo_sh@3x.png in Resources */ = {isa = PBXBuildFile; fileRef = 44683572204F9BEB00467ED3 /* login_logo_sh@3x.png */; };
		4468357D204F9C0D00467ED3 /* login_bg@2x.png in Resources */ = {isa = PBXBuildFile; fileRef = 44683579204F9C0C00467ED3 /* login_bg@2x.png */; };
		4468357E204F9C0D00467ED3 /* login_bg@3x.png in Resources */ = {isa = PBXBuildFile; fileRef = 4468357A204F9C0C00467ED3 /* login_bg@3x.png */; };
		4468357F204F9C0D00467ED3 /* login_logo_hk@3x.png in Resources */ = {isa = PBXBuildFile; fileRef = 4468357B204F9C0D00467ED3 /* login_logo_hk@3x.png */; };
		44683580204F9C0D00467ED3 /* login_logo_hk@2x.png in Resources */ = {isa = PBXBuildFile; fileRef = 4468357C204F9C0D00467ED3 /* login_logo_hk@2x.png */; };
		44683582204FA26700467ED3 /* Common.swift in Sources */ = {isa = PBXBuildFile; fileRef = 44683581204FA26700467ED3 /* Common.swift */; };
		446835F7204FC63900467ED3 /* UserInfo.swift in Sources */ = {isa = PBXBuildFile; fileRef = 446835F6204FC63900467ED3 /* UserInfo.swift */; };
		446835F9204FCDEC00467ED3 /* Person.swift in Sources */ = {isa = PBXBuildFile; fileRef = 446835F8204FCDEC00467ED3 /* Person.swift */; };
		446835FB204FD29C00467ED3 /* Son.swift in Sources */ = {isa = PBXBuildFile; fileRef = 446835FA204FD29C00467ED3 /* Son.swift */; };
		446835FE204FD81D00467ED3 /* Date_DMTools.swift in Sources */ = {isa = PBXBuildFile; fileRef = 446835FD204FD81C00467ED3 /* Date_DMTools.swift */; };
		44A35A882051174400A5B114 /* login_loginbtn_bg@3x.png in Resources */ = {isa = PBXBuildFile; fileRef = 44A35A862051174400A5B114 /* login_loginbtn_bg@3x.png */; };
		44A35A892051174400A5B114 /* login_loginbtn_bg@2x.png in Resources */ = {isa = PBXBuildFile; fileRef = 44A35A872051174400A5B114 /* login_loginbtn_bg@2x.png */; };
		640DD85B2058077E00A9D321 /* HomeVC.swift in Sources */ = {isa = PBXBuildFile; fileRef = 640DD85A2058077E00A9D321 /* HomeVC.swift */; };
		640DD85D205808F100A9D321 /* DMBaseNavigationController.swift in Sources */ = {isa = PBXBuildFile; fileRef = 640DD85C205808F100A9D321 /* DMBaseNavigationController.swift */; };
		640DD86020580B8F00A9D321 /* SignVC.swift in Sources */ = {isa = PBXBuildFile; fileRef = 640DD85F20580B8F00A9D321 /* SignVC.swift */; };
		640DD86E20580C7B00A9D321 /* FMDatabaseQueue.m in Sources */ = {isa = PBXBuildFile; fileRef = 640DD86320580C7B00A9D321 /* FMDatabaseQueue.m */; };
		640DD86F20580C7B00A9D321 /* FMDatabaseAdditions.m in Sources */ = {isa = PBXBuildFile; fileRef = 640DD86620580C7B00A9D321 /* FMDatabaseAdditions.m */; };
		640DD87020580C7B00A9D321 /* FMDatabase.m in Sources */ = {isa = PBXBuildFile; fileRef = 640DD86720580C7B00A9D321 /* FMDatabase.m */; };
		640DD87120580C7B00A9D321 /* FMDatabasePool.m in Sources */ = {isa = PBXBuildFile; fileRef = 640DD86B20580C7B00A9D321 /* FMDatabasePool.m */; };
		640DD87220580C7B00A9D321 /* FMResultSet.m in Sources */ = {isa = PBXBuildFile; fileRef = 640DD86C20580C7B00A9D321 /* FMResultSet.m */; };
		640DD87620580D2F00A9D321 /* DBManager.m in Sources */ = {isa = PBXBuildFile; fileRef = 640DD87420580D2E00A9D321 /* DBManager.m */; };
		640DD87D2058124800A9D321 /* DMDBManager.swift in Sources */ = {isa = PBXBuildFile; fileRef = 640DD87C2058124800A9D321 /* DMDBManager.swift */; };
/* End PBXBuildFile section */

/* Begin PBXFileReference section */
		0AA8593A21DCB0D400CAA0D1 /* RegistVC.swift */ = {isa = PBXFileReference; lastKnownFileType = sourcecode.swift; path = RegistVC.swift; sourceTree = "<group>"; };
		0AC2483721E3325A002F7384 /* RoleCreateVC.swift */ = {isa = PBXFileReference; lastKnownFileType = sourcecode.swift; path = RoleCreateVC.swift; sourceTree = "<group>"; };
		0AC3BDC021D601EB0094BA7F /* Project.swift */ = {isa = PBXFileReference; lastKnownFileType = sourcecode.swift; path = Project.swift; sourceTree = "<group>"; };
		0AC3BDC221D6029D0094BA7F /* NetWork.swift */ = {isa = PBXFileReference; lastKnownFileType = sourcecode.swift; path = NetWork.swift; sourceTree = "<group>"; };
		0AC71BFF21DDB9E800CCCE4A /* DMBaseModel.swift */ = {isa = PBXFileReference; lastKnownFileType = sourcecode.swift; path = DMBaseModel.swift; sourceTree = "<group>"; };
		1AD9D92DE0B64285A0DC66F7 /* Pods-IOffice_Swift.release.xcconfig */ = {isa = PBXFileReference; includeInIndex = 1; lastKnownFileType = text.xcconfig; name = "Pods-IOffice_Swift.release.xcconfig"; path = "Pods/Target Support Files/Pods-IOffice_Swift/Pods-IOffice_Swift.release.xcconfig"; sourceTree = "<group>"; };
		219B35AF755933059A1E8503 /* Pods_IOffice_Swift.framework */ = {isa = PBXFileReference; explicitFileType = wrapper.framework; includeInIndex = 0; path = Pods_IOffice_Swift.framework; sourceTree = BUILT_PRODUCTS_DIR; };
		4447F860205A2DC800D3155C /* DMTools.swift */ = {isa = PBXFileReference; lastKnownFileType = sourcecode.swift; path = DMTools.swift; sourceTree = "<group>"; };
		4468354E204F995A00467ED3 /* IOffice_Swift.app */ = {isa = PBXFileReference; explicitFileType = wrapper.application; includeInIndex = 0; path = IOffice_Swift.app; sourceTree = BUILT_PRODUCTS_DIR; };
		44683551204F995A00467ED3 /* AppDelegate.swift */ = {isa = PBXFileReference; lastKnownFileType = sourcecode.swift; path = AppDelegate.swift; sourceTree = "<group>"; };
		44683553204F995A00467ED3 /* ViewController.swift */ = {isa = PBXFileReference; lastKnownFileType = sourcecode.swift; path = ViewController.swift; sourceTree = "<group>"; };
		44683556204F995B00467ED3 /* Base */ = {isa = PBXFileReference; lastKnownFileType = file.storyboard; name = Base; path = Base.lproj/Main.storyboard; sourceTree = "<group>"; };
		44683558204F995B00467ED3 /* Assets.xcassets */ = {isa = PBXFileReference; lastKnownFileType = folder.assetcatalog; path = Assets.xcassets; sourceTree = "<group>"; };
		4468355B204F995B00467ED3 /* Base */ = {isa = PBXFileReference; lastKnownFileType = file.storyboard; name = Base; path = Base.lproj/LaunchScreen.storyboard; sourceTree = "<group>"; };
		4468355D204F995B00467ED3 /* Info.plist */ = {isa = PBXFileReference; lastKnownFileType = text.plist.xml; path = Info.plist; sourceTree = "<group>"; };
		44683569204F9B2B00467ED3 /* DMBaseViewController.swift */ = {isa = PBXFileReference; lastKnownFileType = sourcecode.swift; path = DMBaseViewController.swift; sourceTree = "<group>"; };
		4468356B204F9B5500467ED3 /* LoginVC.swift */ = {isa = PBXFileReference; lastKnownFileType = sourcecode.swift; path = LoginVC.swift; sourceTree = "<group>"; };
		4468356D204F9BEA00467ED3 /* login_savepwd_s@3x.png */ = {isa = PBXFileReference; lastKnownFileType = image.png; path = "login_savepwd_s@3x.png"; sourceTree = "<group>"; };
		4468356E204F9BEB00467ED3 /* login_savepwd_s@2x.png */ = {isa = PBXFileReference; lastKnownFileType = image.png; path = "login_savepwd_s@2x.png"; sourceTree = "<group>"; };
		4468356F204F9BEB00467ED3 /* login_logo_sh@2x.png */ = {isa = PBXFileReference; lastKnownFileType = image.png; path = "login_logo_sh@2x.png"; sourceTree = "<group>"; };
		44683570204F9BEB00467ED3 /* login_savepwd@2x.png */ = {isa = PBXFileReference; lastKnownFileType = image.png; path = "login_savepwd@2x.png"; sourceTree = "<group>"; };
		44683571204F9BEB00467ED3 /* login_savepwd@3x.png */ = {isa = PBXFileReference; lastKnownFileType = image.png; path = "login_savepwd@3x.png"; sourceTree = "<group>"; };
		44683572204F9BEB00467ED3 /* login_logo_sh@3x.png */ = {isa = PBXFileReference; lastKnownFileType = image.png; path = "login_logo_sh@3x.png"; sourceTree = "<group>"; };
		44683579204F9C0C00467ED3 /* login_bg@2x.png */ = {isa = PBXFileReference; lastKnownFileType = image.png; path = "login_bg@2x.png"; sourceTree = "<group>"; };
		4468357A204F9C0C00467ED3 /* login_bg@3x.png */ = {isa = PBXFileReference; lastKnownFileType = image.png; path = "login_bg@3x.png"; sourceTree = "<group>"; };
		4468357B204F9C0D00467ED3 /* login_logo_hk@3x.png */ = {isa = PBXFileReference; lastKnownFileType = image.png; path = "login_logo_hk@3x.png"; sourceTree = "<group>"; };
		4468357C204F9C0D00467ED3 /* login_logo_hk@2x.png */ = {isa = PBXFileReference; lastKnownFileType = image.png; path = "login_logo_hk@2x.png"; sourceTree = "<group>"; };
		44683581204FA26700467ED3 /* Common.swift */ = {isa = PBXFileReference; lastKnownFileType = sourcecode.swift; path = Common.swift; sourceTree = "<group>"; };
		446835F6204FC63900467ED3 /* UserInfo.swift */ = {isa = PBXFileReference; lastKnownFileType = sourcecode.swift; path = UserInfo.swift; sourceTree = "<group>"; };
		446835F8204FCDEC00467ED3 /* Person.swift */ = {isa = PBXFileReference; lastKnownFileType = sourcecode.swift; path = Person.swift; sourceTree = "<group>"; };
		446835FA204FD29C00467ED3 /* Son.swift */ = {isa = PBXFileReference; lastKnownFileType = sourcecode.swift; path = Son.swift; sourceTree = "<group>"; };
		446835FD204FD81C00467ED3 /* Date_DMTools.swift */ = {isa = PBXFileReference; lastKnownFileType = sourcecode.swift; path = Date_DMTools.swift; sourceTree = "<group>"; };
		44A35A862051174400A5B114 /* login_loginbtn_bg@3x.png */ = {isa = PBXFileReference; lastKnownFileType = image.png; path = "login_loginbtn_bg@3x.png"; sourceTree = "<group>"; };
		44A35A872051174400A5B114 /* login_loginbtn_bg@2x.png */ = {isa = PBXFileReference; lastKnownFileType = image.png; path = "login_loginbtn_bg@2x.png"; sourceTree = "<group>"; };
		640DD85A2058077E00A9D321 /* HomeVC.swift */ = {isa = PBXFileReference; lastKnownFileType = sourcecode.swift; path = HomeVC.swift; sourceTree = "<group>"; };
		640DD85C205808F100A9D321 /* DMBaseNavigationController.swift */ = {isa = PBXFileReference; lastKnownFileType = sourcecode.swift; path = DMBaseNavigationController.swift; sourceTree = "<group>"; };
		640DD85F20580B8F00A9D321 /* SignVC.swift */ = {isa = PBXFileReference; lastKnownFileType = sourcecode.swift; path = SignVC.swift; sourceTree = "<group>"; };
		640DD86220580C7B00A9D321 /* FMDatabase.h */ = {isa = PBXFileReference; fileEncoding = 4; lastKnownFileType = sourcecode.c.h; path = FMDatabase.h; sourceTree = "<group>"; };
		640DD86320580C7B00A9D321 /* FMDatabaseQueue.m */ = {isa = PBXFileReference; fileEncoding = 4; lastKnownFileType = sourcecode.c.objc; path = FMDatabaseQueue.m; sourceTree = "<group>"; };
		640DD86420580C7B00A9D321 /* FMResultSet.h */ = {isa = PBXFileReference; fileEncoding = 4; lastKnownFileType = sourcecode.c.h; path = FMResultSet.h; sourceTree = "<group>"; };
		640DD86520580C7B00A9D321 /* FMDatabasePool.h */ = {isa = PBXFileReference; fileEncoding = 4; lastKnownFileType = sourcecode.c.h; path = FMDatabasePool.h; sourceTree = "<group>"; };
		640DD86620580C7B00A9D321 /* FMDatabaseAdditions.m */ = {isa = PBXFileReference; fileEncoding = 4; lastKnownFileType = sourcecode.c.objc; path = FMDatabaseAdditions.m; sourceTree = "<group>"; };
		640DD86720580C7B00A9D321 /* FMDatabase.m */ = {isa = PBXFileReference; fileEncoding = 4; lastKnownFileType = sourcecode.c.objc; path = FMDatabase.m; sourceTree = "<group>"; };
		640DD86820580C7B00A9D321 /* FMDatabaseQueue.h */ = {isa = PBXFileReference; fileEncoding = 4; lastKnownFileType = sourcecode.c.h; path = FMDatabaseQueue.h; sourceTree = "<group>"; };
		640DD86920580C7B00A9D321 /* FMDB.h */ = {isa = PBXFileReference; fileEncoding = 4; lastKnownFileType = sourcecode.c.h; path = FMDB.h; sourceTree = "<group>"; };
		640DD86A20580C7B00A9D321 /* FMDatabaseAdditions.h */ = {isa = PBXFileReference; fileEncoding = 4; lastKnownFileType = sourcecode.c.h; path = FMDatabaseAdditions.h; sourceTree = "<group>"; };
		640DD86B20580C7B00A9D321 /* FMDatabasePool.m */ = {isa = PBXFileReference; fileEncoding = 4; lastKnownFileType = sourcecode.c.objc; path = FMDatabasePool.m; sourceTree = "<group>"; };
		640DD86C20580C7B00A9D321 /* FMResultSet.m */ = {isa = PBXFileReference; fileEncoding = 4; lastKnownFileType = sourcecode.c.objc; path = FMResultSet.m; sourceTree = "<group>"; };
		640DD87420580D2E00A9D321 /* DBManager.m */ = {isa = PBXFileReference; fileEncoding = 4; lastKnownFileType = sourcecode.c.objc; path = DBManager.m; sourceTree = "<group>"; };
		640DD87520580D2F00A9D321 /* DBManager.h */ = {isa = PBXFileReference; fileEncoding = 4; lastKnownFileType = sourcecode.c.h; path = DBManager.h; sourceTree = "<group>"; };
		640DD87B20580F2900A9D321 /* IOffice_Swift-Bridging-Header.h */ = {isa = PBXFileReference; lastKnownFileType = sourcecode.c.h; path = "IOffice_Swift-Bridging-Header.h"; sourceTree = "<group>"; };
		640DD87C2058124800A9D321 /* DMDBManager.swift */ = {isa = PBXFileReference; lastKnownFileType = sourcecode.swift; path = DMDBManager.swift; sourceTree = "<group>"; };
		E6966FF72BE786BBE11C05E6 /* Pods-IOffice_Swift.debug.xcconfig */ = {isa = PBXFileReference; includeInIndex = 1; lastKnownFileType = text.xcconfig; name = "Pods-IOffice_Swift.debug.xcconfig"; path = "Pods/Target Support Files/Pods-IOffice_Swift/Pods-IOffice_Swift.debug.xcconfig"; sourceTree = "<group>"; };
/* End PBXFileReference section */

/* Begin PBXFrameworksBuildPhase section */
		4468354B204F995A00467ED3 /* Frameworks */ = {
			isa = PBXFrameworksBuildPhase;
			buildActionMask = 2147483647;
			files = (
				0C5802F3E45516930DB55C52 /* Pods_IOffice_Swift.framework in Frameworks */,
			);
			runOnlyForDeploymentPostprocessing = 0;
		};
/* End PBXFrameworksBuildPhase section */

/* Begin PBXGroup section */
		0AA8593C21DCB12E00CAA0D1 /* Modules */ = {
			isa = PBXGroup;
			children = (
				0AC2483221E32C22002F7384 /* RoleAndApprove */,
				44683563204F9A0500467ED3 /* Login */,
				640DD85E20580B5300A9D321 /* Sign */,
				640DD8592058075100A9D321 /* Home */,
			);
			path = Modules;
			sourceTree = "<group>";
		};
		0AC2483221E32C22002F7384 /* RoleAndApprove */ = {
			isa = PBXGroup;
			children = (
				0AC2483721E3325A002F7384 /* RoleCreateVC.swift */,
			);
			path = RoleAndApprove;
			sourceTree = "<group>";
		};
		0AC3BDBD21D5FDF20094BA7F /* Global */ = {
			isa = PBXGroup;
			children = (
				44683551204F995A00467ED3 /* AppDelegate.swift */,
				44683581204FA26700467ED3 /* Common.swift */,
				446835F6204FC63900467ED3 /* UserInfo.swift */,
				0AC3BDC021D601EB0094BA7F /* Project.swift */,
				0AC3BDC221D6029D0094BA7F /* NetWork.swift */,
				4447F860205A2DC800D3155C /* DMTools.swift */,
			);
			path = Global;
			sourceTree = "<group>";
		};
		44683545204F995A00467ED3 = {
			isa = PBXGroup;
			children = (
				44683550204F995A00467ED3 /* IOffice_Swift */,
				4468354F204F995A00467ED3 /* Products */,
				B336FA1A1112C362B81EC764 /* Pods */,
				C0C2071098B2EC476527F2C7 /* Frameworks */,
			);
			sourceTree = "<group>";
		};
		4468354F204F995A00467ED3 /* Products */ = {
			isa = PBXGroup;
			children = (
				4468354E204F995A00467ED3 /* IOffice_Swift.app */,
			);
			name = Products;
			sourceTree = "<group>";
		};
		44683550204F995A00467ED3 /* IOffice_Swift */ = {
			isa = PBXGroup;
			children = (
				0AC3BDBD21D5FDF20094BA7F /* Global */,
				640DD87520580D2F00A9D321 /* DBManager.h */,
				640DD87420580D2E00A9D321 /* DBManager.m */,
				640DD87C2058124800A9D321 /* DMDBManager.swift */,
				0AA8593C21DCB12E00CAA0D1 /* Modules */,
				44683583204FC00A00467ED3 /* Others */,
				44683568204F9B1000467ED3 /* Base */,
				44683565204F9A2E00467ED3 /* Resource */,
			);
			path = IOffice_Swift;
			sourceTree = "<group>";
		};
		44683563204F9A0500467ED3 /* Login */ = {
			isa = PBXGroup;
			children = (
				44683564204F9A1000467ED3 /* LoginVC */,
			);
			path = Login;
			sourceTree = "<group>";
		};
		44683564204F9A1000467ED3 /* LoginVC */ = {
			isa = PBXGroup;
			children = (
				4468356B204F9B5500467ED3 /* LoginVC.swift */,
				0AA8593A21DCB0D400CAA0D1 /* RegistVC.swift */,
			);
			path = LoginVC;
			sourceTree = "<group>";
		};
		44683565204F9A2E00467ED3 /* Resource */ = {
			isa = PBXGroup;
			children = (
				44683566204F9A9F00467ED3 /* Images */,
				44683553204F995A00467ED3 /* ViewController.swift */,
				44683555204F995B00467ED3 /* Main.storyboard */,
				44683558204F995B00467ED3 /* Assets.xcassets */,
				4468355A204F995B00467ED3 /* LaunchScreen.storyboard */,
				4468355D204F995B00467ED3 /* Info.plist */,
				640DD87B20580F2900A9D321 /* IOffice_Swift-Bridging-Header.h */,
			);
			path = Resource;
			sourceTree = "<group>";
		};
		44683566204F9A9F00467ED3 /* Images */ = {
			isa = PBXGroup;
			children = (
				44683567204F9AAD00467ED3 /* Login */,
			);
			path = Images;
			sourceTree = "<group>";
		};
		44683567204F9AAD00467ED3 /* Login */ = {
			isa = PBXGroup;
			children = (
				44683579204F9C0C00467ED3 /* login_bg@2x.png */,
				4468357A204F9C0C00467ED3 /* login_bg@3x.png */,
				4468357C204F9C0D00467ED3 /* login_logo_hk@2x.png */,
				4468357B204F9C0D00467ED3 /* login_logo_hk@3x.png */,
				4468356E204F9BEB00467ED3 /* login_savepwd_s@2x.png */,
				4468356D204F9BEA00467ED3 /* login_savepwd_s@3x.png */,
				44683570204F9BEB00467ED3 /* login_savepwd@2x.png */,
				44683571204F9BEB00467ED3 /* login_savepwd@3x.png */,
				4468356F204F9BEB00467ED3 /* login_logo_sh@2x.png */,
				44683572204F9BEB00467ED3 /* login_logo_sh@3x.png */,
				44A35A872051174400A5B114 /* login_loginbtn_bg@2x.png */,
				44A35A862051174400A5B114 /* login_loginbtn_bg@3x.png */,
			);
			path = Login;
			sourceTree = "<group>";
		};
		44683568204F9B1000467ED3 /* Base */ = {
			isa = PBXGroup;
			children = (
				44683569204F9B2B00467ED3 /* DMBaseViewController.swift */,
				640DD85C205808F100A9D321 /* DMBaseNavigationController.swift */,
				0AC71BFF21DDB9E800CCCE4A /* DMBaseModel.swift */,
				446835F8204FCDEC00467ED3 /* Person.swift */,
				446835FA204FD29C00467ED3 /* Son.swift */,
				446835FD204FD81C00467ED3 /* Date_DMTools.swift */,
			);
			path = Base;
			sourceTree = "<group>";
		};
		44683583204FC00A00467ED3 /* Others */ = {
			isa = PBXGroup;
			children = (
				640DD86120580C7B00A9D321 /* fmdb */,
			);
			path = Others;
			sourceTree = "<group>";
		};
		640DD8592058075100A9D321 /* Home */ = {
			isa = PBXGroup;
			children = (
				640DD85A2058077E00A9D321 /* HomeVC.swift */,
			);
			path = Home;
			sourceTree = "<group>";
		};
		640DD85E20580B5300A9D321 /* Sign */ = {
			isa = PBXGroup;
			children = (
				640DD85F20580B8F00A9D321 /* SignVC.swift */,
			);
			path = Sign;
			sourceTree = "<group>";
		};
		640DD86120580C7B00A9D321 /* fmdb */ = {
			isa = PBXGroup;
			children = (
				640DD86220580C7B00A9D321 /* FMDatabase.h */,
				640DD86320580C7B00A9D321 /* FMDatabaseQueue.m */,
				640DD86420580C7B00A9D321 /* FMResultSet.h */,
				640DD86520580C7B00A9D321 /* FMDatabasePool.h */,
				640DD86620580C7B00A9D321 /* FMDatabaseAdditions.m */,
				640DD86720580C7B00A9D321 /* FMDatabase.m */,
				640DD86820580C7B00A9D321 /* FMDatabaseQueue.h */,
				640DD86920580C7B00A9D321 /* FMDB.h */,
				640DD86A20580C7B00A9D321 /* FMDatabaseAdditions.h */,
				640DD86B20580C7B00A9D321 /* FMDatabasePool.m */,
				640DD86C20580C7B00A9D321 /* FMResultSet.m */,
			);
			path = fmdb;
			sourceTree = "<group>";
		};
		B336FA1A1112C362B81EC764 /* Pods */ = {
			isa = PBXGroup;
			children = (
				E6966FF72BE786BBE11C05E6 /* Pods-IOffice_Swift.debug.xcconfig */,
				1AD9D92DE0B64285A0DC66F7 /* Pods-IOffice_Swift.release.xcconfig */,
			);
			name = Pods;
			sourceTree = "<group>";
		};
		C0C2071098B2EC476527F2C7 /* Frameworks */ = {
			isa = PBXGroup;
			children = (
				219B35AF755933059A1E8503 /* Pods_IOffice_Swift.framework */,
			);
			name = Frameworks;
			sourceTree = "<group>";
		};
/* End PBXGroup section */

/* Begin PBXNativeTarget section */
		4468354D204F995A00467ED3 /* IOffice_Swift */ = {
			isa = PBXNativeTarget;
			buildConfigurationList = 44683560204F995B00467ED3 /* Build configuration list for PBXNativeTarget "IOffice_Swift" */;
			buildPhases = (
				5B04450CE4965C6E1C02A9EB /* [CP] Check Pods Manifest.lock */,
				4468354A204F995A00467ED3 /* Sources */,
				4468354B204F995A00467ED3 /* Frameworks */,
				4468354C204F995A00467ED3 /* Resources */,
				48F497C7B06E13139F7EB377 /* [CP] Embed Pods Frameworks */,
				7620901F4EB3DCB721BC05AC /* [CP] Copy Pods Resources */,
			);
			buildRules = (
			);
			dependencies = (
			);
			name = IOffice_Swift;
			productName = IOffice_Swift;
			productReference = 4468354E204F995A00467ED3 /* IOffice_Swift.app */;
			productType = "com.apple.product-type.application";
		};
/* End PBXNativeTarget section */

/* Begin PBXProject section */
		44683546204F995A00467ED3 /* Project object */ = {
			isa = PBXProject;
			attributes = {
				LastSwiftUpdateCheck = 0920;
				LastUpgradeCheck = 1010;
				ORGANIZATIONNAME = "西安旺豆电子信息有限公司";
				TargetAttributes = {
					4468354D204F995A00467ED3 = {
						CreatedOnToolsVersion = 9.2;
						LastSwiftMigration = 1010;
						ProvisioningStyle = Automatic;
					};
				};
			};
			buildConfigurationList = 44683549204F995A00467ED3 /* Build configuration list for PBXProject "IOffice_Swift" */;
			compatibilityVersion = "Xcode 8.0";
			developmentRegion = en;
			hasScannedForEncodings = 0;
			knownRegions = (
				en,
				Base,
			);
			mainGroup = 44683545204F995A00467ED3;
			productRefGroup = 4468354F204F995A00467ED3 /* Products */;
			projectDirPath = "";
			projectRoot = "";
			targets = (
				4468354D204F995A00467ED3 /* IOffice_Swift */,
			);
		};
/* End PBXProject section */

/* Begin PBXResourcesBuildPhase section */
		4468354C204F995A00467ED3 /* Resources */ = {
			isa = PBXResourcesBuildPhase;
			buildActionMask = 2147483647;
			files = (
				4468355C204F995B00467ED3 /* LaunchScreen.storyboard in Resources */,
				44683576204F9BEB00467ED3 /* login_savepwd@2x.png in Resources */,
				44683574204F9BEB00467ED3 /* login_savepwd_s@2x.png in Resources */,
				44683578204F9BEB00467ED3 /* login_logo_sh@3x.png in Resources */,
				4468357F204F9C0D00467ED3 /* login_logo_hk@3x.png in Resources */,
				44683580204F9C0D00467ED3 /* login_logo_hk@2x.png in Resources */,
				44683577204F9BEB00467ED3 /* login_savepwd@3x.png in Resources */,
				4468357E204F9C0D00467ED3 /* login_bg@3x.png in Resources */,
				44683559204F995B00467ED3 /* Assets.xcassets in Resources */,
				4468357D204F9C0D00467ED3 /* login_bg@2x.png in Resources */,
				44A35A882051174400A5B114 /* login_loginbtn_bg@3x.png in Resources */,
				44A35A892051174400A5B114 /* login_loginbtn_bg@2x.png in Resources */,
				44683575204F9BEB00467ED3 /* login_logo_sh@2x.png in Resources */,
				44683557204F995B00467ED3 /* Main.storyboard in Resources */,
				44683573204F9BEB00467ED3 /* login_savepwd_s@3x.png in Resources */,
			);
			runOnlyForDeploymentPostprocessing = 0;
		};
/* End PBXResourcesBuildPhase section */

/* Begin PBXShellScriptBuildPhase section */
		48F497C7B06E13139F7EB377 /* [CP] Embed Pods Frameworks */ = {
			isa = PBXShellScriptBuildPhase;
			buildActionMask = 2147483647;
			files = (
			);
			inputPaths = (
				"${SRCROOT}/Pods/Target Support Files/Pods-IOffice_Swift/Pods-IOffice_Swift-frameworks.sh",
				"${BUILT_PRODUCTS_DIR}/Alamofire/Alamofire.framework",
				"${BUILT_PRODUCTS_DIR}/IQKeyboardManagerSwift/IQKeyboardManagerSwift.framework",
				"${BUILT_PRODUCTS_DIR}/PKHUD/PKHUD.framework",
				"${BUILT_PRODUCTS_DIR}/SnapKit/SnapKit.framework",
				"${BUILT_PRODUCTS_DIR}/Toast-Swift/Toast_Swift.framework",
			);
			name = "[CP] Embed Pods Frameworks";
			outputPaths = (
				"${TARGET_BUILD_DIR}/${FRAMEWORKS_FOLDER_PATH}/Alamofire.framework",
				"${TARGET_BUILD_DIR}/${FRAMEWORKS_FOLDER_PATH}/IQKeyboardManagerSwift.framework",
				"${TARGET_BUILD_DIR}/${FRAMEWORKS_FOLDER_PATH}/PKHUD.framework",
				"${TARGET_BUILD_DIR}/${FRAMEWORKS_FOLDER_PATH}/SnapKit.framework",
				"${TARGET_BUILD_DIR}/${FRAMEWORKS_FOLDER_PATH}/Toast_Swift.framework",
			);
			runOnlyForDeploymentPostprocessing = 0;
			shellPath = /bin/sh;
			shellScript = "\"${SRCROOT}/Pods/Target Support Files/Pods-IOffice_Swift/Pods-IOffice_Swift-frameworks.sh\"\n";
			showEnvVarsInLog = 0;
		};
		5B04450CE4965C6E1C02A9EB /* [CP] Check Pods Manifest.lock */ = {
			isa = PBXShellScriptBuildPhase;
			buildActionMask = 2147483647;
			files = (
			);
			inputPaths = (
				"${PODS_PODFILE_DIR_PATH}/Podfile.lock",
				"${PODS_ROOT}/Manifest.lock",
			);
			name = "[CP] Check Pods Manifest.lock";
			outputPaths = (
				"$(DERIVED_FILE_DIR)/Pods-IOffice_Swift-checkManifestLockResult.txt",
			);
			runOnlyForDeploymentPostprocessing = 0;
			shellPath = /bin/sh;
			shellScript = "diff \"${PODS_PODFILE_DIR_PATH}/Podfile.lock\" \"${PODS_ROOT}/Manifest.lock\" > /dev/null\nif [ $? != 0 ] ; then\n    # print error to STDERR\n    echo \"error: The sandbox is not in sync with the Podfile.lock. Run 'pod install' or update your CocoaPods installation.\" >&2\n    exit 1\nfi\n# This output is used by Xcode 'outputs' to avoid re-running this script phase.\necho \"SUCCESS\" > \"${SCRIPT_OUTPUT_FILE_0}\"\n";
			showEnvVarsInLog = 0;
		};
		7620901F4EB3DCB721BC05AC /* [CP] Copy Pods Resources */ = {
			isa = PBXShellScriptBuildPhase;
			buildActionMask = 2147483647;
			files = (
			);
			inputPaths = (
			);
			name = "[CP] Copy Pods Resources";
			outputPaths = (
			);
			runOnlyForDeploymentPostprocessing = 0;
			shellPath = /bin/sh;
			shellScript = "\"${SRCROOT}/Pods/Target Support Files/Pods-IOffice_Swift/Pods-IOffice_Swift-resources.sh\"\n";
			showEnvVarsInLog = 0;
		};
/* End PBXShellScriptBuildPhase section */

/* Begin PBXSourcesBuildPhase section */
		4468354A204F995A00467ED3 /* Sources */ = {
			isa = PBXSourcesBuildPhase;
			buildActionMask = 2147483647;
			files = (
				640DD85B2058077E00A9D321 /* HomeVC.swift in Sources */,
				640DD87120580C7B00A9D321 /* FMDatabasePool.m in Sources */,
				640DD87020580C7B00A9D321 /* FMDatabase.m in Sources */,
				44683554204F995A00467ED3 /* ViewController.swift in Sources */,
				4447F861205A2DC800D3155C /* DMTools.swift in Sources */,
				44683552204F995A00467ED3 /* AppDelegate.swift in Sources */,
				0AC71C0021DDB9E800CCCE4A /* DMBaseModel.swift in Sources */,
				4468356C204F9B5500467ED3 /* LoginVC.swift in Sources */,
				446835F7204FC63900467ED3 /* UserInfo.swift in Sources */,
				640DD86E20580C7B00A9D321 /* FMDatabaseQueue.m in Sources */,
				44683582204FA26700467ED3 /* Common.swift in Sources */,
				640DD87220580C7B00A9D321 /* FMResultSet.m in Sources */,
				446835FE204FD81D00467ED3 /* Date_DMTools.swift in Sources */,
				640DD86F20580C7B00A9D321 /* FMDatabaseAdditions.m in Sources */,
				446835FB204FD29C00467ED3 /* Son.swift in Sources */,
				446835F9204FCDEC00467ED3 /* Person.swift in Sources */,
				4468356A204F9B2B00467ED3 /* DMBaseViewController.swift in Sources */,
				640DD86020580B8F00A9D321 /* SignVC.swift in Sources */,
				0AC3BDC121D601EB0094BA7F /* Project.swift in Sources */,
				0AC3BDC321D6029D0094BA7F /* NetWork.swift in Sources */,
				0AA8593B21DCB0D400CAA0D1 /* RegistVC.swift in Sources */,
				640DD87D2058124800A9D321 /* DMDBManager.swift in Sources */,
				640DD87620580D2F00A9D321 /* DBManager.m in Sources */,
				0AC2483821E3325A002F7384 /* RoleCreateVC.swift in Sources */,
				640DD85D205808F100A9D321 /* DMBaseNavigationController.swift in Sources */,
			);
			runOnlyForDeploymentPostprocessing = 0;
		};
/* End PBXSourcesBuildPhase section */

/* Begin PBXVariantGroup section */
		44683555204F995B00467ED3 /* Main.storyboard */ = {
			isa = PBXVariantGroup;
			children = (
				44683556204F995B00467ED3 /* Base */,
			);
			name = Main.storyboard;
			sourceTree = "<group>";
		};
		4468355A204F995B00467ED3 /* LaunchScreen.storyboard */ = {
			isa = PBXVariantGroup;
			children = (
				4468355B204F995B00467ED3 /* Base */,
			);
			name = LaunchScreen.storyboard;
			sourceTree = "<group>";
		};
/* End PBXVariantGroup section */

/* Begin XCBuildConfiguration section */
		4468355E204F995B00467ED3 /* Debug */ = {
			isa = XCBuildConfiguration;
			buildSettings = {
				ALWAYS_SEARCH_USER_PATHS = NO;
				CLANG_ANALYZER_NONNULL = YES;
				CLANG_ANALYZER_NUMBER_OBJECT_CONVERSION = YES_AGGRESSIVE;
				CLANG_CXX_LANGUAGE_STANDARD = "gnu++14";
				CLANG_CXX_LIBRARY = "libc++";
				CLANG_ENABLE_MODULES = YES;
				CLANG_ENABLE_OBJC_ARC = YES;
				CLANG_WARN_BLOCK_CAPTURE_AUTORELEASING = YES;
				CLANG_WARN_BOOL_CONVERSION = YES;
				CLANG_WARN_COMMA = YES;
				CLANG_WARN_CONSTANT_CONVERSION = YES;
				CLANG_WARN_DEPRECATED_OBJC_IMPLEMENTATIONS = YES;
				CLANG_WARN_DIRECT_OBJC_ISA_USAGE = YES_ERROR;
				CLANG_WARN_DOCUMENTATION_COMMENTS = YES;
				CLANG_WARN_EMPTY_BODY = YES;
				CLANG_WARN_ENUM_CONVERSION = YES;
				CLANG_WARN_INFINITE_RECURSION = YES;
				CLANG_WARN_INT_CONVERSION = YES;
				CLANG_WARN_NON_LITERAL_NULL_CONVERSION = YES;
				CLANG_WARN_OBJC_IMPLICIT_RETAIN_SELF = YES;
				CLANG_WARN_OBJC_LITERAL_CONVERSION = YES;
				CLANG_WARN_OBJC_ROOT_CLASS = YES_ERROR;
				CLANG_WARN_RANGE_LOOP_ANALYSIS = YES;
				CLANG_WARN_STRICT_PROTOTYPES = YES;
				CLANG_WARN_SUSPICIOUS_MOVE = YES;
				CLANG_WARN_UNGUARDED_AVAILABILITY = YES_AGGRESSIVE;
				CLANG_WARN_UNREACHABLE_CODE = YES;
				CLANG_WARN__DUPLICATE_METHOD_MATCH = YES;
				CODE_SIGN_IDENTITY = "iPhone Developer";
				COPY_PHASE_STRIP = NO;
				DEBUG_INFORMATION_FORMAT = dwarf;
				ENABLE_STRICT_OBJC_MSGSEND = YES;
				ENABLE_TESTABILITY = YES;
				GCC_C_LANGUAGE_STANDARD = gnu11;
				GCC_DYNAMIC_NO_PIC = NO;
				GCC_NO_COMMON_BLOCKS = YES;
				GCC_OPTIMIZATION_LEVEL = 0;
				GCC_PREPROCESSOR_DEFINITIONS = (
					"DEBUG=1",
					"$(inherited)",
				);
				GCC_WARN_64_TO_32_BIT_CONVERSION = YES;
				GCC_WARN_ABOUT_RETURN_TYPE = YES_ERROR;
				GCC_WARN_UNDECLARED_SELECTOR = YES;
				GCC_WARN_UNINITIALIZED_AUTOS = YES_AGGRESSIVE;
				GCC_WARN_UNUSED_FUNCTION = YES;
				GCC_WARN_UNUSED_VARIABLE = YES;
				IPHONEOS_DEPLOYMENT_TARGET = 11.2;
				MTL_ENABLE_DEBUG_INFO = YES;
				ONLY_ACTIVE_ARCH = YES;
				SDKROOT = iphoneos;
				SWIFT_ACTIVE_COMPILATION_CONDITIONS = DEBUG;
				SWIFT_OPTIMIZATION_LEVEL = "-Onone";
			};
			name = Debug;
		};
		4468355F204F995B00467ED3 /* Release */ = {
			isa = XCBuildConfiguration;
			buildSettings = {
				ALWAYS_SEARCH_USER_PATHS = NO;
				CLANG_ANALYZER_NONNULL = YES;
				CLANG_ANALYZER_NUMBER_OBJECT_CONVERSION = YES_AGGRESSIVE;
				CLANG_CXX_LANGUAGE_STANDARD = "gnu++14";
				CLANG_CXX_LIBRARY = "libc++";
				CLANG_ENABLE_MODULES = YES;
				CLANG_ENABLE_OBJC_ARC = YES;
				CLANG_WARN_BLOCK_CAPTURE_AUTORELEASING = YES;
				CLANG_WARN_BOOL_CONVERSION = YES;
				CLANG_WARN_COMMA = YES;
				CLANG_WARN_CONSTANT_CONVERSION = YES;
				CLANG_WARN_DEPRECATED_OBJC_IMPLEMENTATIONS = YES;
				CLANG_WARN_DIRECT_OBJC_ISA_USAGE = YES_ERROR;
				CLANG_WARN_DOCUMENTATION_COMMENTS = YES;
				CLANG_WARN_EMPTY_BODY = YES;
				CLANG_WARN_ENUM_CONVERSION = YES;
				CLANG_WARN_INFINITE_RECURSION = YES;
				CLANG_WARN_INT_CONVERSION = YES;
				CLANG_WARN_NON_LITERAL_NULL_CONVERSION = YES;
				CLANG_WARN_OBJC_IMPLICIT_RETAIN_SELF = YES;
				CLANG_WARN_OBJC_LITERAL_CONVERSION = YES;
				CLANG_WARN_OBJC_ROOT_CLASS = YES_ERROR;
				CLANG_WARN_RANGE_LOOP_ANALYSIS = YES;
				CLANG_WARN_STRICT_PROTOTYPES = YES;
				CLANG_WARN_SUSPICIOUS_MOVE = YES;
				CLANG_WARN_UNGUARDED_AVAILABILITY = YES_AGGRESSIVE;
				CLANG_WARN_UNREACHABLE_CODE = YES;
				CLANG_WARN__DUPLICATE_METHOD_MATCH = YES;
				CODE_SIGN_IDENTITY = "iPhone Developer";
				COPY_PHASE_STRIP = NO;
				DEBUG_INFORMATION_FORMAT = "dwarf-with-dsym";
				ENABLE_NS_ASSERTIONS = NO;
				ENABLE_STRICT_OBJC_MSGSEND = YES;
				GCC_C_LANGUAGE_STANDARD = gnu11;
				GCC_NO_COMMON_BLOCKS = YES;
				GCC_WARN_64_TO_32_BIT_CONVERSION = YES;
				GCC_WARN_ABOUT_RETURN_TYPE = YES_ERROR;
				GCC_WARN_UNDECLARED_SELECTOR = YES;
				GCC_WARN_UNINITIALIZED_AUTOS = YES_AGGRESSIVE;
				GCC_WARN_UNUSED_FUNCTION = YES;
				GCC_WARN_UNUSED_VARIABLE = YES;
				IPHONEOS_DEPLOYMENT_TARGET = 11.2;
				MTL_ENABLE_DEBUG_INFO = NO;
				SDKROOT = iphoneos;
				SWIFT_OPTIMIZATION_LEVEL = "-Owholemodule";
				VALIDATE_PRODUCT = YES;
			};
			name = Release;
		};
		44683561204F995B00467ED3 /* Debug */ = {
			isa = XCBuildConfiguration;
			baseConfigurationReference = E6966FF72BE786BBE11C05E6 /* Pods-IOffice_Swift.debug.xcconfig */;
			buildSettings = {
				ASSETCATALOG_COMPILER_APPICON_NAME = AppIcon;
				CLANG_ENABLE_MODULES = YES;
				CODE_SIGN_STYLE = Automatic;
				DEVELOPMENT_TEAM = C834GUTVBG;
				FRAMEWORK_SEARCH_PATHS = (
					"$(inherited)",
					"$(PROJECT_DIR)/IOffice_Swift/Resource",
				);
				INFOPLIST_FILE = "$(SRCROOT)/IOffice_Swift/Resource/Info.plist";
				IPHONEOS_DEPLOYMENT_TARGET = 8.0;
				LD_RUNPATH_SEARCH_PATHS = "$(inherited) @executable_path/Frameworks";
				PRODUCT_BUNDLE_IDENTIFIER = "HB.IOffice-Swift";
				PRODUCT_NAME = "$(TARGET_NAME)";
				SWIFT_OBJC_BRIDGING_HEADER = "$(SRCROOT)/IOffice_Swift/Resource/IOffice_Swift-Bridging-Header.h";
				SWIFT_OPTIMIZATION_LEVEL = "-Onone";
				SWIFT_VERSION = 4.2;
				TARGETED_DEVICE_FAMILY = "1,2";
			};
			name = Debug;
		};
		44683562204F995B00467ED3 /* Release */ = {
			isa = XCBuildConfiguration;
			baseConfigurationReference = 1AD9D92DE0B64285A0DC66F7 /* Pods-IOffice_Swift.release.xcconfig */;
			buildSettings = {
				ASSETCATALOG_COMPILER_APPICON_NAME = AppIcon;
				CLANG_ENABLE_MODULES = YES;
				CODE_SIGN_STYLE = Automatic;
				DEVELOPMENT_TEAM = C834GUTVBG;
				FRAMEWORK_SEARCH_PATHS = "$(inherited)";
				INFOPLIST_FILE = "$(SRCROOT)/IOffice_Swift/Resource/Info.plist";
				IPHONEOS_DEPLOYMENT_TARGET = 8.0;
				LD_RUNPATH_SEARCH_PATHS = "$(inherited) @executable_path/Frameworks";
				PRODUCT_BUNDLE_IDENTIFIER = "HB.IOffice-Swift";
				PRODUCT_NAME = "$(TARGET_NAME)";
				SWIFT_OBJC_BRIDGING_HEADER = "$(SRCROOT)/IOffice_Swift/Resource/IOffice_Swift-Bridging-Header.h";
				SWIFT_VERSION = 4.2;
				TARGETED_DEVICE_FAMILY = "1,2";
			};
			name = Release;
		};
/* End XCBuildConfiguration section */

/* Begin XCConfigurationList section */
		44683549204F995A00467ED3 /* Build configuration list for PBXProject "IOffice_Swift" */ = {
			isa = XCConfigurationList;
			buildConfigurations = (
				4468355E204F995B00467ED3 /* Debug */,
				4468355F204F995B00467ED3 /* Release */,
			);
			defaultConfigurationIsVisible = 0;
			defaultConfigurationName = Release;
		};
		44683560204F995B00467ED3 /* Build configuration list for PBXNativeTarget "IOffice_Swift" */ = {
			isa = XCConfigurationList;
			buildConfigurations = (
				44683561204F995B00467ED3 /* Debug */,
				44683562204F995B00467ED3 /* Release */,
			);
			defaultConfigurationIsVisible = 0;
			defaultConfigurationName = Release;
		};
/* End XCConfigurationList section */
	};
	rootObject = 44683546204F995A00467ED3 /* Project object */;
}
